
Microsoft Visual Studio Solution File, Format Version 12.00
# Visual Studio 2013
Project("{FAE04EC0-301F-11D3-BF4B-00C04F79EFBC}") = "UnityVS.WaifuFrenzy.CSharp.Editor", "UnityVS.WaifuFrenzy.CSharp.Editor.csproj", "{0212D22F-A928-874B-3157-BD00A167D838}"
EndProject
Project("{FAE04EC0-301F-11D3-BF4B-00C04F79EFBC}") = "UnityVS.WaifuFrenzy.CSharp", "UnityVS.WaifuFrenzy.CSharp.csproj", "{78F8363F-D3BB-D7FD-4150-4E56348324E6}"
EndProject
Global
	GlobalSection(SolutionConfigurationPlatforms) = preSolution
		Debug|Any CPU = Debug|Any CPU
		Release|Any CPU = Release|Any CPU
	EndGlobalSection
	GlobalSection(ProjectConfigurationPlatforms) = postSolution
		{0212D22F-A928-874B-3157-BD00A167D838}.Debug|Any CPU.ActiveCfg = Debug|Any CPU
		{0212D22F-A928-874B-3157-BD00A167D838}.Debug|Any CPU.Build.0 = Debug|Any CPU
		{0212D22F-A928-874B-3157-BD00A167D838}.Release|Any CPU.ActiveCfg = Release|Any CPU
		{0212D22F-A928-874B-3157-BD00A167D838}.Release|Any CPU.Build.0 = Release|Any CPU
		{78F8363F-D3BB-D7FD-4150-4E56348324E6}.Debug|Any CPU.ActiveCfg = Debug|Any CPU
		{78F8363F-D3BB-D7FD-4150-4E56348324E6}.Debug|Any CPU.Build.0 = Debug|Any CPU
		{78F8363F-D3BB-D7FD-4150-4E56348324E6}.Release|Any CPU.ActiveCfg = Release|Any CPU
		{78F8363F-D3BB-D7FD-4150-4E56348324E6}.Release|Any CPU.Build.0 = Release|Any CPU
	EndGlobalSection
	GlobalSection(SolutionProperties) = preSolution
		HideSolutionNode = FALSE
	EndGlobalSection
EndGlobal
